
Microsoft Visual Studio Solution File, Format Version 12.00
# Visual Studio Version 17
VisualStudioVersion = 17.11.35431.28
MinimumVisualStudioVersion = 10.0.40219.1
Project("{8BC9CEB8-8B4A-11D0-8D11-00A0C91BC942}") = "Program", "Program.vcxproj", "{A4269698-930B-4722-9174-F445E738CFE6}"
EndProject
Project("{8BC9CEB8-8B4A-11D0-8D11-00A0C91BC942}") = "Class 1th (Time Complexity & Space Complexity)", "..\Class 1th (Time Complexity & Space Complexity)\Class 1th (Time Complexity & Space Complexity).vcxproj", "{FF19DCFD-0568-4949-9287-63E2F702B7DE}"
EndProject
Project("{8BC9CEB8-8B4A-11D0-8D11-00A0C91BC942}") = "Class 2th (Brute Force)", "..\Class 2th (Brute Force)\Class 2th (Brute Force).vcxproj", "{CFA2197A-F964-4132-837F-4BB4FE1B0B2B}"
EndProject
Project("{8BC9CEB8-8B4A-11D0-8D11-00A0C91BC942}") = "Class 3th (Bubble Sort)", "..\Class 3th (Bubble Sort)\Class 3th (Bubble Sort).vcxproj", "{574EFB0B-334A-403A-9E71-D31978ECFFD2}"
EndProject
Project("{8BC9CEB8-8B4A-11D0-8D11-00A0C91BC942}") = "Class 4th (Select Sort)", "..\Class 4th (Select Sort)\Class 4th (Select Sort).vcxproj", "{6DAA1376-9496-43A7-8AFA-21BAFD809478}"
EndProject
Project("{8BC9CEB8-8B4A-11D0-8D11-00A0C91BC942}") = "Class 5th (Insert Sort)", "..\Class 5th (Insert Sort)\Class 5th (Insert Sort).vcxproj", "{7BBEB6DC-79FB-48CE-B4CA-DED6DB5B5610}"
EndProject
Project("{8BC9CEB8-8B4A-11D0-8D11-00A0C91BC942}") = "Class 6th (Euclidean)", "..\Class 6th (Euclidean)\Class 6th (Euclidean).vcxproj", "{AF5B5C08-203C-43F4-925A-29CC7F34243D}"
EndProject
Project("{8BC9CEB8-8B4A-11D0-8D11-00A0C91BC942}") = "Class 7th (Two Pointer)", "..\Class 7th (Two Pointer)\Class 7th (Two Pointer).vcxproj", "{49D2C0AC-788E-4DFC-BA2A-D5FDFEFCDD61}"
EndProject
Project("{8BC9CEB8-8B4A-11D0-8D11-00A0C91BC942}") = "Class 8th (Binary Search)", "..\Class 8th (Binary Search)\Class 8th (Binary Search).vcxproj", "{871333F2-35CB-4269-A114-CDC4D875194B}"
EndProject
Project("{8BC9CEB8-8B4A-11D0-8D11-00A0C91BC942}") = "Class 9th (Counting Sort)", "..\Class 9th (Counting Sort)\Class 9th (Counting Sort).vcxproj", "{5FA82F86-7531-4AB6-937A-352DEE38DB15}"
EndProject
Project("{8BC9CEB8-8B4A-11D0-8D11-00A0C91BC942}") = "Class 10th (Divide and Conquer)", "..\Class 10th (Divide and Conquer)\Class 10th (Divide and Conquer).vcxproj", "{353ED1A2-FDB2-4C60-8544-61FAADF7A814}"
EndProject
Project("{8BC9CEB8-8B4A-11D0-8D11-00A0C91BC942}") = "Class 11th (Quick Sort)", "..\Class 11th (Quick Sort)\Class 11th (Quick Sort).vcxproj", "{DE1DB6FB-11C3-43FE-BEF3-857B1B788CDF}"
EndProject
Project("{8BC9CEB8-8B4A-11D0-8D11-00A0C91BC942}") = "Class 12th (Dynamic Programming)", "..\Class 12th (Dynamic Programming)\Class 12th (Dynamic Programming).vcxproj", "{EAC2449E-2555-4A8F-B9D8-2910204711E4}"
EndProject
Project("{8BC9CEB8-8B4A-11D0-8D11-00A0C91BC942}") = "Class 13th (Merge Sort)", "..\Class 13th (Merge Sort)\Class 13th (Merge Sort).vcxproj", "{41B01084-B6E2-4C44-B168-1F1521E2F5C0}"
EndProject
Project("{8BC9CEB8-8B4A-11D0-8D11-00A0C91BC942}") = "Class 14th (Sieve of Eratosthenes)", "..\Class 14th (Sieve of Eratosthenes)\Class 14th (Sieve of Eratosthenes).vcxproj", "{853CD172-09D2-442B-8A23-4FC53EB0D82E}"
EndProject
Global
	GlobalSection(SolutionConfigurationPlatforms) = preSolution
		Debug|x64 = Debug|x64
		Debug|x86 = Debug|x86
		Release|x64 = Release|x64
		Release|x86 = Release|x86
	EndGlobalSection
	GlobalSection(ProjectConfigurationPlatforms) = postSolution
		{A4269698-930B-4722-9174-F445E738CFE6}.Debug|x64.ActiveCfg = Debug|x64
		{A4269698-930B-4722-9174-F445E738CFE6}.Debug|x64.Build.0 = Debug|x64
		{A4269698-930B-4722-9174-F445E738CFE6}.Debug|x86.ActiveCfg = Debug|Win32
		{A4269698-930B-4722-9174-F445E738CFE6}.Debug|x86.Build.0 = Debug|Win32
		{A4269698-930B-4722-9174-F445E738CFE6}.Release|x64.ActiveCfg = Release|x64
		{A4269698-930B-4722-9174-F445E738CFE6}.Release|x64.Build.0 = Release|x64
		{A4269698-930B-4722-9174-F445E738CFE6}.Release|x86.ActiveCfg = Release|Win32
		{A4269698-930B-4722-9174-F445E738CFE6}.Release|x86.Build.0 = Release|Win32
		{FF19DCFD-0568-4949-9287-63E2F702B7DE}.Debug|x64.ActiveCfg = Debug|x64
		{FF19DCFD-0568-4949-9287-63E2F702B7DE}.Debug|x64.Build.0 = Debug|x64
		{FF19DCFD-0568-4949-9287-63E2F702B7DE}.Debug|x86.ActiveCfg = Debug|Win32
		{FF19DCFD-0568-4949-9287-63E2F702B7DE}.Debug|x86.Build.0 = Debug|Win32
		{FF19DCFD-0568-4949-9287-63E2F702B7DE}.Release|x64.ActiveCfg = Release|x64
		{FF19DCFD-0568-4949-9287-63E2F702B7DE}.Release|x64.Build.0 = Release|x64
		{FF19DCFD-0568-4949-9287-63E2F702B7DE}.Release|x86.ActiveCfg = Release|Win32
		{FF19DCFD-0568-4949-9287-63E2F702B7DE}.Release|x86.Build.0 = Release|Win32
		{CFA2197A-F964-4132-837F-4BB4FE1B0B2B}.Debug|x64.ActiveCfg = Debug|x64
		{CFA2197A-F964-4132-837F-4BB4FE1B0B2B}.Debug|x64.Build.0 = Debug|x64
		{CFA2197A-F964-4132-837F-4BB4FE1B0B2B}.Debug|x86.ActiveCfg = Debug|Win32
		{CFA2197A-F964-4132-837F-4BB4FE1B0B2B}.Debug|x86.Build.0 = Debug|Win32
		{CFA2197A-F964-4132-837F-4BB4FE1B0B2B}.Release|x64.ActiveCfg = Release|x64
		{CFA2197A-F964-4132-837F-4BB4FE1B0B2B}.Release|x64.Build.0 = Release|x64
		{CFA2197A-F964-4132-837F-4BB4FE1B0B2B}.Release|x86.ActiveCfg = Release|Win32
		{CFA2197A-F964-4132-837F-4BB4FE1B0B2B}.Release|x86.Build.0 = Release|Win32
		{574EFB0B-334A-403A-9E71-D31978ECFFD2}.Debug|x64.ActiveCfg = Debug|x64
		{574EFB0B-334A-403A-9E71-D31978ECFFD2}.Debug|x64.Build.0 = Debug|x64
		{574EFB0B-334A-403A-9E71-D31978ECFFD2}.Debug|x86.ActiveCfg = Debug|Win32
		{574EFB0B-334A-403A-9E71-D31978ECFFD2}.Debug|x86.Build.0 = Debug|Win32
		{574EFB0B-334A-403A-9E71-D31978ECFFD2}.Release|x64.ActiveCfg = Release|x64
		{574EFB0B-334A-403A-9E71-D31978ECFFD2}.Release|x64.Build.0 = Release|x64
		{574EFB0B-334A-403A-9E71-D31978ECFFD2}.Release|x86.ActiveCfg = Release|Win32
		{574EFB0B-334A-403A-9E71-D31978ECFFD2}.Release|x86.Build.0 = Release|Win32
		{6DAA1376-9496-43A7-8AFA-21BAFD809478}.Debug|x64.ActiveCfg = Debug|x64
		{6DAA1376-9496-43A7-8AFA-21BAFD809478}.Debug|x64.Build.0 = Debug|x64
		{6DAA1376-9496-43A7-8AFA-21BAFD809478}.Debug|x86.ActiveCfg = Debug|Win32
		{6DAA1376-9496-43A7-8AFA-21BAFD809478}.Debug|x86.Build.0 = Debug|Win32
		{6DAA1376-9496-43A7-8AFA-21BAFD809478}.Release|x64.ActiveCfg = Release|x64
		{6DAA1376-9496-43A7-8AFA-21BAFD809478}.Release|x64.Build.0 = Release|x64
		{6DAA1376-9496-43A7-8AFA-21BAFD809478}.Release|x86.ActiveCfg = Release|Win32
		{6DAA1376-9496-43A7-8AFA-21BAFD809478}.Release|x86.Build.0 = Release|Win32
		{7BBEB6DC-79FB-48CE-B4CA-DED6DB5B5610}.Debug|x64.ActiveCfg = Debug|x64
		{7BBEB6DC-79FB-48CE-B4CA-DED6DB5B5610}.Debug|x64.Build.0 = Debug|x64
		{7BBEB6DC-79FB-48CE-B4CA-DED6DB5B5610}.Debug|x86.ActiveCfg = Debug|Win32
		{7BBEB6DC-79FB-48CE-B4CA-DED6DB5B5610}.Debug|x86.Build.0 = Debug|Win32
		{7BBEB6DC-79FB-48CE-B4CA-DED6DB5B5610}.Release|x64.ActiveCfg = Release|x64
		{7BBEB6DC-79FB-48CE-B4CA-DED6DB5B5610}.Release|x64.Build.0 = Release|x64
		{7BBEB6DC-79FB-48CE-B4CA-DED6DB5B5610}.Release|x86.ActiveCfg = Release|Win32
		{7BBEB6DC-79FB-48CE-B4CA-DED6DB5B5610}.Release|x86.Build.0 = Release|Win32
		{AF5B5C08-203C-43F4-925A-29CC7F34243D}.Debug|x64.ActiveCfg = Debug|x64
		{AF5B5C08-203C-43F4-925A-29CC7F34243D}.Debug|x64.Build.0 = Debug|x64
		{AF5B5C08-203C-43F4-925A-29CC7F34243D}.Debug|x86.ActiveCfg = Debug|Win32
		{AF5B5C08-203C-43F4-925A-29CC7F34243D}.Debug|x86.Build.0 = Debug|Win32
		{AF5B5C08-203C-43F4-925A-29CC7F34243D}.Release|x64.ActiveCfg = Release|x64
		{AF5B5C08-203C-43F4-925A-29CC7F34243D}.Release|x64.Build.0 = Release|x64
		{AF5B5C08-203C-43F4-925A-29CC7F34243D}.Release|x86.ActiveCfg = Release|Win32
		{AF5B5C08-203C-43F4-925A-29CC7F34243D}.Release|x86.Build.0 = Release|Win32
		{49D2C0AC-788E-4DFC-BA2A-D5FDFEFCDD61}.Debug|x64.ActiveCfg = Debug|x64
		{49D2C0AC-788E-4DFC-BA2A-D5FDFEFCDD61}.Debug|x64.Build.0 = Debug|x64
		{49D2C0AC-788E-4DFC-BA2A-D5FDFEFCDD61}.Debug|x86.ActiveCfg = Debug|Win32
		{49D2C0AC-788E-4DFC-BA2A-D5FDFEFCDD61}.Debug|x86.Build.0 = Debug|Win32
		{49D2C0AC-788E-4DFC-BA2A-D5FDFEFCDD61}.Release|x64.ActiveCfg = Release|x64
		{49D2C0AC-788E-4DFC-BA2A-D5FDFEFCDD61}.Release|x64.Build.0 = Release|x64
		{49D2C0AC-788E-4DFC-BA2A-D5FDFEFCDD61}.Release|x86.ActiveCfg = Release|Win32
		{49D2C0AC-788E-4DFC-BA2A-D5FDFEFCDD61}.Release|x86.Build.0 = Release|Win32
		{871333F2-35CB-4269-A114-CDC4D875194B}.Debug|x64.ActiveCfg = Debug|x64
		{871333F2-35CB-4269-A114-CDC4D875194B}.Debug|x64.Build.0 = Debug|x64
		{871333F2-35CB-4269-A114-CDC4D875194B}.Debug|x86.ActiveCfg = Debug|Win32
		{871333F2-35CB-4269-A114-CDC4D875194B}.Debug|x86.Build.0 = Debug|Win32
		{871333F2-35CB-4269-A114-CDC4D875194B}.Release|x64.ActiveCfg = Release|x64
		{871333F2-35CB-4269-A114-CDC4D875194B}.Release|x64.Build.0 = Release|x64
		{871333F2-35CB-4269-A114-CDC4D875194B}.Release|x86.ActiveCfg = Release|Win32
		{871333F2-35CB-4269-A114-CDC4D875194B}.Release|x86.Build.0 = Release|Win32
		{5FA82F86-7531-4AB6-937A-352DEE38DB15}.Debug|x64.ActiveCfg = Debug|x64
		{5FA82F86-7531-4AB6-937A-352DEE38DB15}.Debug|x64.Build.0 = Debug|x64
		{5FA82F86-7531-4AB6-937A-352DEE38DB15}.Debug|x86.ActiveCfg = Debug|Win32
		{5FA82F86-7531-4AB6-937A-352DEE38DB15}.Debug|x86.Build.0 = Debug|Win32
		{5FA82F86-7531-4AB6-937A-352DEE38DB15}.Release|x64.ActiveCfg = Release|x64
		{5FA82F86-7531-4AB6-937A-352DEE38DB15}.Release|x64.Build.0 = Release|x64
		{5FA82F86-7531-4AB6-937A-352DEE38DB15}.Release|x86.ActiveCfg = Release|Win32
		{5FA82F86-7531-4AB6-937A-352DEE38DB15}.Release|x86.Build.0 = Release|Win32
		{353ED1A2-FDB2-4C60-8544-61FAADF7A814}.Debug|x64.ActiveCfg = Debug|x64
		{353ED1A2-FDB2-4C60-8544-61FAADF7A814}.Debug|x64.Build.0 = Debug|x64
		{353ED1A2-FDB2-4C60-8544-61FAADF7A814}.Debug|x86.ActiveCfg = Debug|Win32
		{353ED1A2-FDB2-4C60-8544-61FAADF7A814}.Debug|x86.Build.0 = Debug|Win32
		{353ED1A2-FDB2-4C60-8544-61FAADF7A814}.Release|x64.ActiveCfg = Release|x64
		{353ED1A2-FDB2-4C60-8544-61FAADF7A814}.Release|x64.Build.0 = Release|x64
		{353ED1A2-FDB2-4C60-8544-61FAADF7A814}.Release|x86.ActiveCfg = Release|Win32
		{353ED1A2-FDB2-4C60-8544-61FAADF7A814}.Release|x86.Build.0 = Release|Win32
		{DE1DB6FB-11C3-43FE-BEF3-857B1B788CDF}.Debug|x64.ActiveCfg = Debug|x64
		{DE1DB6FB-11C3-43FE-BEF3-857B1B788CDF}.Debug|x64.Build.0 = Debug|x64
		{DE1DB6FB-11C3-43FE-BEF3-857B1B788CDF}.Debug|x86.ActiveCfg = Debug|Win32
		{DE1DB6FB-11C3-43FE-BEF3-857B1B788CDF}.Debug|x86.Build.0 = Debug|Win32
		{DE1DB6FB-11C3-43FE-BEF3-857B1B788CDF}.Release|x64.ActiveCfg = Release|x64
		{DE1DB6FB-11C3-43FE-BEF3-857B1B788CDF}.Release|x64.Build.0 = Release|x64
		{DE1DB6FB-11C3-43FE-BEF3-857B1B788CDF}.Release|x86.ActiveCfg = Release|Win32
		{DE1DB6FB-11C3-43FE-BEF3-857B1B788CDF}.Release|x86.Build.0 = Release|Win32
		{EAC2449E-2555-4A8F-B9D8-2910204711E4}.Debug|x64.ActiveCfg = Debug|x64
		{EAC2449E-2555-4A8F-B9D8-2910204711E4}.Debug|x64.Build.0 = Debug|x64
		{EAC2449E-2555-4A8F-B9D8-2910204711E4}.Debug|x86.ActiveCfg = Debug|Win32
		{EAC2449E-2555-4A8F-B9D8-2910204711E4}.Debug|x86.Build.0 = Debug|Win32
		{EAC2449E-2555-4A8F-B9D8-2910204711E4}.Release|x64.ActiveCfg = Release|x64
		{EAC2449E-2555-4A8F-B9D8-2910204711E4}.Release|x64.Build.0 = Release|x64
		{EAC2449E-2555-4A8F-B9D8-2910204711E4}.Release|x86.ActiveCfg = Release|Win32
		{EAC2449E-2555-4A8F-B9D8-2910204711E4}.Release|x86.Build.0 = Release|Win32
		{41B01084-B6E2-4C44-B168-1F1521E2F5C0}.Debug|x64.ActiveCfg = Debug|x64
		{41B01084-B6E2-4C44-B168-1F1521E2F5C0}.Debug|x64.Build.0 = Debug|x64
		{41B01084-B6E2-4C44-B168-1F1521E2F5C0}.Debug|x86.ActiveCfg = Debug|Win32
		{41B01084-B6E2-4C44-B168-1F1521E2F5C0}.Debug|x86.Build.0 = Debug|Win32
		{41B01084-B6E2-4C44-B168-1F1521E2F5C0}.Release|x64.ActiveCfg = Release|x64
		{41B01084-B6E2-4C44-B168-1F1521E2F5C0}.Release|x64.Build.0 = Release|x64
		{41B01084-B6E2-4C44-B168-1F1521E2F5C0}.Release|x86.ActiveCfg = Release|Win32
		{41B01084-B6E2-4C44-B168-1F1521E2F5C0}.Release|x86.Build.0 = Release|Win32
		{853CD172-09D2-442B-8A23-4FC53EB0D82E}.Debug|x64.ActiveCfg = Debug|x64
		{853CD172-09D2-442B-8A23-4FC53EB0D82E}.Debug|x64.Build.0 = Debug|x64
		{853CD172-09D2-442B-8A23-4FC53EB0D82E}.Debug|x86.ActiveCfg = Debug|Win32
		{853CD172-09D2-442B-8A23-4FC53EB0D82E}.Debug|x86.Build.0 = Debug|Win32
		{853CD172-09D2-442B-8A23-4FC53EB0D82E}.Release|x64.ActiveCfg = Release|x64
		{853CD172-09D2-442B-8A23-4FC53EB0D82E}.Release|x64.Build.0 = Release|x64
		{853CD172-09D2-442B-8A23-4FC53EB0D82E}.Release|x86.ActiveCfg = Release|Win32
		{853CD172-09D2-442B-8A23-4FC53EB0D82E}.Release|x86.Build.0 = Release|Win32
	EndGlobalSection
	GlobalSection(SolutionProperties) = preSolution
		HideSolutionNode = FALSE
	EndGlobalSection
	GlobalSection(ExtensibilityGlobals) = postSolution
		SolutionGuid = {8C92B8BE-70FE-4E70-A521-56D51EE1DF63}
	EndGlobalSection
EndGlobal
