
Microsoft Visual Studio Solution File, Format Version 12.00
# Visual Studio Version 17
VisualStudioVersion = 17.11.35431.28
MinimumVisualStudioVersion = 10.0.40219.1
Project("{8BC9CEB8-8B4A-11D0-8D11-00A0C91BC942}") = "Program", "Program.vcxproj", "{A4269698-930B-4722-9174-F445E738CFE6}"
EndProject
Project("{8BC9CEB8-8B4A-11D0-8D11-00A0C91BC942}") = "Class 1th (Time Complexity & Space Complexity)", "..\Class 1th (Time Complexity & Space Complexity)\Class 1th (Time Complexity & Space Complexity).vcxproj", "{FF19DCFD-0568-4949-9287-63E2F702B7DE}"
EndProject
Project("{8BC9CEB8-8B4A-11D0-8D11-00A0C91BC942}") = "Class 2th (Brute Force)", "..\Class 2th (Brute Force)\Class 2th (Brute Force).vcxproj", "{CFA2197A-F964-4132-837F-4BB4FE1B0B2B}"
EndProject
Project("{8BC9CEB8-8B4A-11D0-8D11-00A0C91BC942}") = "Class 3th (Bubble Sort)", "..\Class 3th (Bubble Sort)\Class 3th (Bubble Sort).vcxproj", "{574EFB0B-334A-403A-9E71-D31978ECFFD2}"
EndProject
Project("{8BC9CEB8-8B4A-11D0-8D11-00A0C91BC942}") = "Class 4th (Select Sort)", "..\Class 4th (Select Sort)\Class 4th (Select Sort).vcxproj", "{6DAA1376-9496-43A7-8AFA-21BAFD809478}"
EndProject
Project("{8BC9CEB8-8B4A-11D0-8D11-00A0C91BC942}") = "Class 5th (Insert Sort)", "..\Class 5th (Insert Sort)\Class 5th (Insert Sort).vcxproj", "{7BBEB6DC-79FB-48CE-B4CA-DED6DB5B5610}"
EndProject
Project("{8BC9CEB8-8B4A-11D0-8D11-00A0C91BC942}") = "Class 6th (Euclidean)", "..\Class 6th (Euclidean)\Class 6th (Euclidean).vcxproj", "{AF5B5C08-203C-43F4-925A-29CC7F34243D}"
EndProject
Project("{8BC9CEB8-8B4A-11D0-8D11-00A0C91BC942}") = "Class 7th (Two Pointer)", "..\Class 7th (Two Pointer)\Class 7th (Two Pointer).vcxproj", "{49D2C0AC-788E-4DFC-BA2A-D5FDFEFCDD61}"
EndProject
Global
	GlobalSection(SolutionConfigurationPlatforms) = preSolution
		Debug|x64 = Debug|x64
		Debug|x86 = Debug|x86
		Release|x64 = Release|x64
		Release|x86 = Release|x86
	EndGlobalSection
	GlobalSection(ProjectConfigurationPlatforms) = postSolution
		{A4269698-930B-4722-9174-F445E738CFE6}.Debug|x64.ActiveCfg = Debug|x64
		{A4269698-930B-4722-9174-F445E738CFE6}.Debug|x64.Build.0 = Debug|x64
		{A4269698-930B-4722-9174-F445E738CFE6}.Debug|x86.ActiveCfg = Debug|Win32
		{A4269698-930B-4722-9174-F445E738CFE6}.Debug|x86.Build.0 = Debug|Win32
		{A4269698-930B-4722-9174-F445E738CFE6}.Release|x64.ActiveCfg = Release|x64
		{A4269698-930B-4722-9174-F445E738CFE6}.Release|x64.Build.0 = Release|x64
		{A4269698-930B-4722-9174-F445E738CFE6}.Release|x86.ActiveCfg = Release|Win32
		{A4269698-930B-4722-9174-F445E738CFE6}.Release|x86.Build.0 = Release|Win32
		{FF19DCFD-0568-4949-9287-63E2F702B7DE}.Debug|x64.ActiveCfg = Debug|x64
		{FF19DCFD-0568-4949-9287-63E2F702B7DE}.Debug|x64.Build.0 = Debug|x64
		{FF19DCFD-0568-4949-9287-63E2F702B7DE}.Debug|x86.ActiveCfg = Debug|Win32
		{FF19DCFD-0568-4949-9287-63E2F702B7DE}.Debug|x86.Build.0 = Debug|Win32
		{FF19DCFD-0568-4949-9287-63E2F702B7DE}.Release|x64.ActiveCfg = Release|x64
		{FF19DCFD-0568-4949-9287-63E2F702B7DE}.Release|x64.Build.0 = Release|x64
		{FF19DCFD-0568-4949-9287-63E2F702B7DE}.Release|x86.ActiveCfg = Release|Win32
		{FF19DCFD-0568-4949-9287-63E2F702B7DE}.Release|x86.Build.0 = Release|Win32
		{CFA2197A-F964-4132-837F-4BB4FE1B0B2B}.Debug|x64.ActiveCfg = Debug|x64
		{CFA2197A-F964-4132-837F-4BB4FE1B0B2B}.Debug|x64.Build.0 = Debug|x64
		{CFA2197A-F964-4132-837F-4BB4FE1B0B2B}.Debug|x86.ActiveCfg = Debug|Win32
		{CFA2197A-F964-4132-837F-4BB4FE1B0B2B}.Debug|x86.Build.0 = Debug|Win32
		{CFA2197A-F964-4132-837F-4BB4FE1B0B2B}.Release|x64.ActiveCfg = Release|x64
		{CFA2197A-F964-4132-837F-4BB4FE1B0B2B}.Release|x64.Build.0 = Release|x64
		{CFA2197A-F964-4132-837F-4BB4FE1B0B2B}.Release|x86.ActiveCfg = Release|Win32
		{CFA2197A-F964-4132-837F-4BB4FE1B0B2B}.Release|x86.Build.0 = Release|Win32
		{574EFB0B-334A-403A-9E71-D31978ECFFD2}.Debug|x64.ActiveCfg = Debug|x64
		{574EFB0B-334A-403A-9E71-D31978ECFFD2}.Debug|x64.Build.0 = Debug|x64
		{574EFB0B-334A-403A-9E71-D31978ECFFD2}.Debug|x86.ActiveCfg = Debug|Win32
		{574EFB0B-334A-403A-9E71-D31978ECFFD2}.Debug|x86.Build.0 = Debug|Win32
		{574EFB0B-334A-403A-9E71-D31978ECFFD2}.Release|x64.ActiveCfg = Release|x64
		{574EFB0B-334A-403A-9E71-D31978ECFFD2}.Release|x64.Build.0 = Release|x64
		{574EFB0B-334A-403A-9E71-D31978ECFFD2}.Release|x86.ActiveCfg = Release|Win32
		{574EFB0B-334A-403A-9E71-D31978ECFFD2}.Release|x86.Build.0 = Release|Win32
		{6DAA1376-9496-43A7-8AFA-21BAFD809478}.Debug|x64.ActiveCfg = Debug|x64
		{6DAA1376-9496-43A7-8AFA-21BAFD809478}.Debug|x64.Build.0 = Debug|x64
		{6DAA1376-9496-43A7-8AFA-21BAFD809478}.Debug|x86.ActiveCfg = Debug|Win32
		{6DAA1376-9496-43A7-8AFA-21BAFD809478}.Debug|x86.Build.0 = Debug|Win32
		{6DAA1376-9496-43A7-8AFA-21BAFD809478}.Release|x64.ActiveCfg = Release|x64
		{6DAA1376-9496-43A7-8AFA-21BAFD809478}.Release|x64.Build.0 = Release|x64
		{6DAA1376-9496-43A7-8AFA-21BAFD809478}.Release|x86.ActiveCfg = Release|Win32
		{6DAA1376-9496-43A7-8AFA-21BAFD809478}.Release|x86.Build.0 = Release|Win32
		{7BBEB6DC-79FB-48CE-B4CA-DED6DB5B5610}.Debug|x64.ActiveCfg = Debug|x64
		{7BBEB6DC-79FB-48CE-B4CA-DED6DB5B5610}.Debug|x64.Build.0 = Debug|x64
		{7BBEB6DC-79FB-48CE-B4CA-DED6DB5B5610}.Debug|x86.ActiveCfg = Debug|Win32
		{7BBEB6DC-79FB-48CE-B4CA-DED6DB5B5610}.Debug|x86.Build.0 = Debug|Win32
		{7BBEB6DC-79FB-48CE-B4CA-DED6DB5B5610}.Release|x64.ActiveCfg = Release|x64
		{7BBEB6DC-79FB-48CE-B4CA-DED6DB5B5610}.Release|x64.Build.0 = Release|x64
		{7BBEB6DC-79FB-48CE-B4CA-DED6DB5B5610}.Release|x86.ActiveCfg = Release|Win32
		{7BBEB6DC-79FB-48CE-B4CA-DED6DB5B5610}.Release|x86.Build.0 = Release|Win32
		{AF5B5C08-203C-43F4-925A-29CC7F34243D}.Debug|x64.ActiveCfg = Debug|x64
		{AF5B5C08-203C-43F4-925A-29CC7F34243D}.Debug|x64.Build.0 = Debug|x64
		{AF5B5C08-203C-43F4-925A-29CC7F34243D}.Debug|x86.ActiveCfg = Debug|Win32
		{AF5B5C08-203C-43F4-925A-29CC7F34243D}.Debug|x86.Build.0 = Debug|Win32
		{AF5B5C08-203C-43F4-925A-29CC7F34243D}.Release|x64.ActiveCfg = Release|x64
		{AF5B5C08-203C-43F4-925A-29CC7F34243D}.Release|x64.Build.0 = Release|x64
		{AF5B5C08-203C-43F4-925A-29CC7F34243D}.Release|x86.ActiveCfg = Release|Win32
		{AF5B5C08-203C-43F4-925A-29CC7F34243D}.Release|x86.Build.0 = Release|Win32
		{49D2C0AC-788E-4DFC-BA2A-D5FDFEFCDD61}.Debug|x64.ActiveCfg = Debug|x64
		{49D2C0AC-788E-4DFC-BA2A-D5FDFEFCDD61}.Debug|x64.Build.0 = Debug|x64
		{49D2C0AC-788E-4DFC-BA2A-D5FDFEFCDD61}.Debug|x86.ActiveCfg = Debug|Win32
		{49D2C0AC-788E-4DFC-BA2A-D5FDFEFCDD61}.Debug|x86.Build.0 = Debug|Win32
		{49D2C0AC-788E-4DFC-BA2A-D5FDFEFCDD61}.Release|x64.ActiveCfg = Release|x64
		{49D2C0AC-788E-4DFC-BA2A-D5FDFEFCDD61}.Release|x64.Build.0 = Release|x64
		{49D2C0AC-788E-4DFC-BA2A-D5FDFEFCDD61}.Release|x86.ActiveCfg = Release|Win32
		{49D2C0AC-788E-4DFC-BA2A-D5FDFEFCDD61}.Release|x86.Build.0 = Release|Win32
	EndGlobalSection
	GlobalSection(SolutionProperties) = preSolution
		HideSolutionNode = FALSE
	EndGlobalSection
	GlobalSection(ExtensibilityGlobals) = postSolution
		SolutionGuid = {8C92B8BE-70FE-4E70-A521-56D51EE1DF63}
	EndGlobalSection
EndGlobal
